
Microsoft Visual Studio Solution File, Format Version 12.00
# Visual Studio 14
VisualStudioVersion = 14.0.25420.1
MinimumVisualStudioVersion = 10.0.40219.1
Project("{FAE04EC0-301F-11D3-BF4B-00C04F79EFBC}") = "LayoutProject", "LayoutProject\LayoutProject.csproj", "{7ABE24DF-F816-434F-A94D-9D4CEF8DDF50}"
EndProject
Global
	GlobalSection(SolutionConfigurationPlatforms) = preSolution
		Debug|Any CPU = Debug|Any CPU
		Release|Any CPU = Release|Any CPU
	EndGlobalSection
	GlobalSection(ProjectConfigurationPlatforms) = postSolution
		{7ABE24DF-F816-434F-A94D-9D4CEF8DDF50}.Debug|Any CPU.ActiveCfg = Debug|Any CPU
		{7ABE24DF-F816-434F-A94D-9D4CEF8DDF50}.Debug|Any CPU.Build.0 = Debug|Any CPU
		{7ABE24DF-F816-434F-A94D-9D4CEF8DDF50}.Release|Any CPU.ActiveCfg = Release|Any CPU
		{7ABE24DF-F816-434F-A94D-9D4CEF8DDF50}.Release|Any CPU.Build.0 = Release|Any CPU
	EndGlobalSection
	GlobalSection(SolutionProperties) = preSolution
		HideSolutionNode = FALSE
	EndGlobalSection
EndGlobal
